
Microsoft Visual Studio Solution File, Format Version 12.00
# Visual Studio Version 16
VisualStudioVersion = 16.0.29215.179
MinimumVisualStudioVersion = 10.0.40219.1
Project("{FAE04EC0-301F-11D3-BF4B-00C04F79EFBC}") = "Lab", "Lab\Lab.csproj", "{1DB65946-C353-4D86-89F1-63988B1435C8}"
EndProject
Global
	GlobalSection(SolutionConfigurationPlatforms) = preSolution
		Debug|Any CPU = Debug|Any CPU
		Release|Any CPU = Release|Any CPU
	EndGlobalSection
	GlobalSection(ProjectConfigurationPlatforms) = postSolution
		{1DB65946-C353-4D86-89F1-63988B1435C8}.Debug|Any CPU.ActiveCfg = Debug|Any CPU
		{1DB65946-C353-4D86-89F1-63988B1435C8}.Debug|Any CPU.Build.0 = Debug|Any CPU
		{1DB65946-C353-4D86-89F1-63988B1435C8}.Release|Any CPU.ActiveCfg = Release|Any CPU
		{1DB65946-C353-4D86-89F1-63988B1435C8}.Release|Any CPU.Build.0 = Release|Any CPU
	EndGlobalSection
	GlobalSection(SolutionProperties) = preSolution
		HideSolutionNode = FALSE
	EndGlobalSection
	GlobalSection(ExtensibilityGlobals) = postSolution
		SolutionGuid = {41BB5A28-866C-4DFC-98C0-D1EC23A7DC8B}
	EndGlobalSection
EndGlobal
